
Microsoft Visual Studio Solution File, Format Version 12.00
# Visual Studio 2013
VisualStudioVersion = 12.0.31101.0
MinimumVisualStudioVersion = 10.0.40219.1
Project("{FAE04EC0-301F-11D3-BF4B-00C04F79EFBC}") = "Exercise1", "Exercise1\Exercise1.csproj", "{DDA38289-834B-4FE1-998C-F419EC21A0F9}"
EndProject
Project("{FAE04EC0-301F-11D3-BF4B-00C04F79EFBC}") = "Exercise2", "Exercise2\Exercise2.csproj", "{088C551E-B111-42EC-A470-E94AC6E2B2A5}"
EndProject
Global
	GlobalSection(SolutionConfigurationPlatforms) = preSolution
		Debug|Any CPU = Debug|Any CPU
		Release|Any CPU = Release|Any CPU
	EndGlobalSection
	GlobalSection(ProjectConfigurationPlatforms) = postSolution
		{DDA38289-834B-4FE1-998C-F419EC21A0F9}.Debug|Any CPU.ActiveCfg = Debug|Any CPU
		{DDA38289-834B-4FE1-998C-F419EC21A0F9}.Debug|Any CPU.Build.0 = Debug|Any CPU
		{DDA38289-834B-4FE1-998C-F419EC21A0F9}.Release|Any CPU.ActiveCfg = Release|Any CPU
		{DDA38289-834B-4FE1-998C-F419EC21A0F9}.Release|Any CPU.Build.0 = Release|Any CPU
		{088C551E-B111-42EC-A470-E94AC6E2B2A5}.Debug|Any CPU.ActiveCfg = Debug|Any CPU
		{088C551E-B111-42EC-A470-E94AC6E2B2A5}.Debug|Any CPU.Build.0 = Debug|Any CPU
		{088C551E-B111-42EC-A470-E94AC6E2B2A5}.Release|Any CPU.ActiveCfg = Release|Any CPU
		{088C551E-B111-42EC-A470-E94AC6E2B2A5}.Release|Any CPU.Build.0 = Release|Any CPU
	EndGlobalSection
	GlobalSection(SolutionProperties) = preSolution
		HideSolutionNode = FALSE
	EndGlobalSection
EndGlobal
